// !$*UTF8*$!
{
	archiveVersion = 1;
	classes = {
	};
	objectVersion = 46;
	objects = {

/* Begin PBXBuildFile section */
		B307112C1D0A98D9008FBE31 /* content.json in Resources */ = {isa = PBXBuildFile; fileRef = B307112B1D0A98D9008FBE31 /* content.json */; };
		B30FE2851D183E5400595480 /* Asset.swift in Sources */ = {isa = PBXBuildFile; fileRef = B30FE2841D183E5400595480 /* Asset.swift */; };
		B30FE2871D18404700595480 /* NSDate.swift in Sources */ = {isa = PBXBuildFile; fileRef = B30FE2861D18404700595480 /* NSDate.swift */; };
		B31DE9D51D3CC84600C2E6AF /* ColorSelectionCollectionViewCell.xib in Resources */ = {isa = PBXBuildFile; fileRef = B31DE9D41D3CC84600C2E6AF /* ColorSelectionCollectionViewCell.xib */; };
		B31DE9D71D3CC87400C2E6AF /* ColorSelectionCollectionViewCell.swift in Sources */ = {isa = PBXBuildFile; fileRef = B31DE9D61D3CC87400C2E6AF /* ColorSelectionCollectionViewCell.swift */; };
		B31DE9D91D3CCAF100C2E6AF /* Reusable.swift in Sources */ = {isa = PBXBuildFile; fileRef = B31DE9D81D3CCAF100C2E6AF /* Reusable.swift */; };
		B31DE9DB1D3CCB0B00C2E6AF /* UICollectionView.swift in Sources */ = {isa = PBXBuildFile; fileRef = B31DE9DA1D3CCB0B00C2E6AF /* UICollectionView.swift */; };
		B31DE9DF1D3CDA0200C2E6AF /* AppColor.swift in Sources */ = {isa = PBXBuildFile; fileRef = B31DE9DE1D3CDA0200C2E6AF /* AppColor.swift */; };
		B33B7C161D245C3D00B23395 /* JSONDictionary.swift in Sources */ = {isa = PBXBuildFile; fileRef = B33B7C151D245C3D00B23395 /* JSONDictionary.swift */; };
		B33B7C181D24758A00B23395 /* Tag.swift in Sources */ = {isa = PBXBuildFile; fileRef = B33B7C171D24758A00B23395 /* Tag.swift */; };
		B33B7C1A1D2482E200B23395 /* InformationListViewController.swift in Sources */ = {isa = PBXBuildFile; fileRef = B33B7C191D2482E200B23395 /* InformationListViewController.swift */; };
		B33B7C1C1D2483E200B23395 /* HeadlineTableViewCell.xib in Resources */ = {isa = PBXBuildFile; fileRef = B33B7C1B1D2483E200B23395 /* HeadlineTableViewCell.xib */; };
		B34569781D17D16C00C406CA /* UIFont.swift in Sources */ = {isa = PBXBuildFile; fileRef = B34569771D17D16C00C406CA /* UIFont.swift */; };
		B35792A61D23BED00063B981 /* LoadingViewController.swift in Sources */ = {isa = PBXBuildFile; fileRef = B35792A51D23BED00063B981 /* LoadingViewController.swift */; };
		B35792A91D23BFB40063B981 /* String.swift in Sources */ = {isa = PBXBuildFile; fileRef = B35792A81D23BFB40063B981 /* String.swift */; };
		B35792AD1D23C3E20063B981 /* Webservice.swift in Sources */ = {isa = PBXBuildFile; fileRef = B35792AC1D23C3E20063B981 /* Webservice.swift */; };
		B35AF0DA1D2A73CD004DD3DE /* UIViewController.swift in Sources */ = {isa = PBXBuildFile; fileRef = B35AF0D91D2A73CD004DD3DE /* UIViewController.swift */; };
		B3675C4C1D159B0700BD993E /* ErrorViewController.swift in Sources */ = {isa = PBXBuildFile; fileRef = B3675C4B1D159B0700BD993E /* ErrorViewController.swift */; };
		B39181231D63653A00903EBE /* ImageHeadlineTableViewCell.swift in Sources */ = {isa = PBXBuildFile; fileRef = B39181211D63653A00903EBE /* ImageHeadlineTableViewCell.swift */; };
		B39181241D63653A00903EBE /* ImageHeadlineTableViewCell.xib in Resources */ = {isa = PBXBuildFile; fileRef = B39181221D63653A00903EBE /* ImageHeadlineTableViewCell.xib */; };
		B39D1D241D639B8600515A20 /* ReusableTableViewCell.swift in Sources */ = {isa = PBXBuildFile; fileRef = B39D1D231D639B8600515A20 /* ReusableTableViewCell.swift */; };
		B3AB06FB1CC01A6C001D3AC1 /* AppDelegate.swift in Sources */ = {isa = PBXBuildFile; fileRef = B3AB06FA1CC01A6C001D3AC1 /* AppDelegate.swift */; };
		B3AB07141CC01E0C001D3AC1 /* SearchViewController.swift in Sources */ = {isa = PBXBuildFile; fileRef = B3AB07131CC01E0C001D3AC1 /* SearchViewController.swift */; };
		B3B681C71CC02F8D00958F22 /* Assets.xcassets in Resources */ = {isa = PBXBuildFile; fileRef = B3B681C61CC02F8D00958F22 /* Assets.xcassets */; };
		B3B68EF51D23CB3C00BC0348 /* Resource.swift in Sources */ = {isa = PBXBuildFile; fileRef = B3B68EF41D23CB3C00BC0348 /* Resource.swift */; };
		B3C1B3971D16E5F000295AAA /* ColorScheme.swift in Sources */ = {isa = PBXBuildFile; fileRef = B3C1B3961D16E5F000295AAA /* ColorScheme.swift */; };
		B3C1B3991D16E62F00295AAA /* UIColor.swift in Sources */ = {isa = PBXBuildFile; fileRef = B3C1B3981D16E62F00295AAA /* UIColor.swift */; };
		B3C1B39C1D16E83700295AAA /* Styled.swift in Sources */ = {isa = PBXBuildFile; fileRef = B3C1B39B1D16E83700295AAA /* Styled.swift */; };
		B3C1B3A01D16EA8E00295AAA /* UIView.swift in Sources */ = {isa = PBXBuildFile; fileRef = B3C1B39F1D16EA8E00295AAA /* UIView.swift */; };
		B3C1B3A41D16F03700295AAA /* ContentTableViewCell.swift in Sources */ = {isa = PBXBuildFile; fileRef = B3C1B3A31D16F03700295AAA /* ContentTableViewCell.swift */; };
		B3C1B3A61D16F1D900295AAA /* ImageTableViewCell.swift in Sources */ = {isa = PBXBuildFile; fileRef = B3C1B3A51D16F1D900295AAA /* ImageTableViewCell.swift */; };
		B3C58DA61D362AC700404A30 /* UITableView.swift in Sources */ = {isa = PBXBuildFile; fileRef = B3C58DA51D362AC700404A30 /* UITableView.swift */; };
		B3D5DD551D109790000522BC /* HeadlineTableViewCell.swift in Sources */ = {isa = PBXBuildFile; fileRef = B3D5DD541D109790000522BC /* HeadlineTableViewCell.swift */; };
		B3D65E611D25865B002AA4EF /* InformationDetailViewController.swift in Sources */ = {isa = PBXBuildFile; fileRef = B3D65E601D25865B002AA4EF /* InformationDetailViewController.swift */; };
		B3D65E631D2589A4002AA4EF /* ContentTableViewCell.xib in Resources */ = {isa = PBXBuildFile; fileRef = B3D65E621D2589A4002AA4EF /* ContentTableViewCell.xib */; };
		B3D65E651D258BE0002AA4EF /* ImageTableViewCell.xib in Resources */ = {isa = PBXBuildFile; fileRef = B3D65E641D258BE0002AA4EF /* ImageTableViewCell.xib */; };
		B3D65E671D25BDD9002AA4EF /* ViewControllerProvider.swift in Sources */ = {isa = PBXBuildFile; fileRef = B3D65E661D25BDD9002AA4EF /* ViewControllerProvider.swift */; };
		B3D683DF1D630EA200A3149E /* colorSchemes.json in Resources */ = {isa = PBXBuildFile; fileRef = B3D683DE1D630EA200A3149E /* colorSchemes.json */; };
		B3E1FE6D1D37D8D600ABFCFC /* Appearance.swift in Sources */ = {isa = PBXBuildFile; fileRef = B3E1FE6C1D37D8D600ABFCFC /* Appearance.swift */; };
		B3E1FE6F1D37DD7300ABFCFC /* UIApplication.swift in Sources */ = {isa = PBXBuildFile; fileRef = B3E1FE6E1D37DD7300ABFCFC /* UIApplication.swift */; };
		B3E1FE711D37DE5700ABFCFC /* LocalContentCoordinator.swift in Sources */ = {isa = PBXBuildFile; fileRef = B3E1FE701D37DE5700ABFCFC /* LocalContentCoordinator.swift */; };
		B3E1FE791D390E8300ABFCFC /* ColorSchemeViewController.swift in Sources */ = {isa = PBXBuildFile; fileRef = B3E1FE781D390E8300ABFCFC /* ColorSchemeViewController.swift */; };
		B3E823481D4F5A30006B8328 /* ImageGalleryView.swift in Sources */ = {isa = PBXBuildFile; fileRef = B3E823471D4F5A30006B8328 /* ImageGalleryView.swift */; };
		B53398671D111F4F005C8EEA /* Content.swift in Sources */ = {isa = PBXBuildFile; fileRef = B53398581D111F4F005C8EEA /* Content.swift */; };
		B53398681D111F4F005C8EEA /* Diagnose.swift in Sources */ = {isa = PBXBuildFile; fileRef = B53398591D111F4F005C8EEA /* Diagnose.swift */; };
		B53398691D111F4F005C8EEA /* Error.swift in Sources */ = {isa = PBXBuildFile; fileRef = B533985A1D111F4F005C8EEA /* Error.swift */; };
		B533986A1D111F4F005C8EEA /* Information.swift in Sources */ = {isa = PBXBuildFile; fileRef = B533985B1D111F4F005C8EEA /* Information.swift */; };
		B533986C1D111F4F005C8EEA /* Int.swift in Sources */ = {isa = PBXBuildFile; fileRef = B533985D1D111F4F005C8EEA /* Int.swift */; };
		B53398711D111F4F005C8EEA /* Result.swift in Sources */ = {isa = PBXBuildFile; fileRef = B53398621D111F4F005C8EEA /* Result.swift */; };
		B53398731D111F4F005C8EEA /* URL.swift in Sources */ = {isa = PBXBuildFile; fileRef = B53398641D111F4F005C8EEA /* URL.swift */; };
		B5467B711D11855A005294CB /* ContentViewController.swift in Sources */ = {isa = PBXBuildFile; fileRef = B5467B701D11855A005294CB /* ContentViewController.swift */; };
/* End PBXBuildFile section */

/* Begin PBXFileReference section */
		B307112B1D0A98D9008FBE31 /* content.json */ = {isa = PBXFileReference; fileEncoding = 4; lastKnownFileType = text.json; path = content.json; sourceTree = "<group>"; };
		B30FE2841D183E5400595480 /* Asset.swift */ = {isa = PBXFileReference; fileEncoding = 4; lastKnownFileType = sourcecode.swift; path = Asset.swift; sourceTree = "<group>"; };
		B30FE2861D18404700595480 /* NSDate.swift */ = {isa = PBXFileReference; fileEncoding = 4; lastKnownFileType = sourcecode.swift; path = NSDate.swift; sourceTree = "<group>"; };
		B31DE9D41D3CC84600C2E6AF /* ColorSelectionCollectionViewCell.xib */ = {isa = PBXFileReference; fileEncoding = 4; lastKnownFileType = file.xib; path = ColorSelectionCollectionViewCell.xib; sourceTree = "<group>"; };
		B31DE9D61D3CC87400C2E6AF /* ColorSelectionCollectionViewCell.swift */ = {isa = PBXFileReference; fileEncoding = 4; lastKnownFileType = sourcecode.swift; path = ColorSelectionCollectionViewCell.swift; sourceTree = "<group>"; };
		B31DE9D81D3CCAF100C2E6AF /* Reusable.swift */ = {isa = PBXFileReference; fileEncoding = 4; lastKnownFileType = sourcecode.swift; path = Reusable.swift; sourceTree = "<group>"; };
		B31DE9DA1D3CCB0B00C2E6AF /* UICollectionView.swift */ = {isa = PBXFileReference; fileEncoding = 4; lastKnownFileType = sourcecode.swift; path = UICollectionView.swift; sourceTree = "<group>"; };
		B31DE9DE1D3CDA0200C2E6AF /* AppColor.swift */ = {isa = PBXFileReference; fileEncoding = 4; lastKnownFileType = sourcecode.swift; path = AppColor.swift; sourceTree = "<group>"; };
		B33B7C151D245C3D00B23395 /* JSONDictionary.swift */ = {isa = PBXFileReference; fileEncoding = 4; lastKnownFileType = sourcecode.swift; path = JSONDictionary.swift; sourceTree = "<group>"; };
		B33B7C171D24758A00B23395 /* Tag.swift */ = {isa = PBXFileReference; fileEncoding = 4; lastKnownFileType = sourcecode.swift; path = Tag.swift; sourceTree = "<group>"; };
		B33B7C191D2482E200B23395 /* InformationListViewController.swift */ = {isa = PBXFileReference; fileEncoding = 4; lastKnownFileType = sourcecode.swift; path = InformationListViewController.swift; sourceTree = "<group>"; };
		B33B7C1B1D2483E200B23395 /* HeadlineTableViewCell.xib */ = {isa = PBXFileReference; fileEncoding = 4; lastKnownFileType = file.xib; path = HeadlineTableViewCell.xib; sourceTree = "<group>"; };
		B34569771D17D16C00C406CA /* UIFont.swift */ = {isa = PBXFileReference; fileEncoding = 4; lastKnownFileType = sourcecode.swift; path = UIFont.swift; sourceTree = "<group>"; };
		B35792A51D23BED00063B981 /* LoadingViewController.swift */ = {isa = PBXFileReference; fileEncoding = 4; lastKnownFileType = sourcecode.swift; path = LoadingViewController.swift; sourceTree = "<group>"; };
		B35792A81D23BFB40063B981 /* String.swift */ = {isa = PBXFileReference; fileEncoding = 4; lastKnownFileType = sourcecode.swift; path = String.swift; sourceTree = "<group>"; };
		B35792AC1D23C3E20063B981 /* Webservice.swift */ = {isa = PBXFileReference; fileEncoding = 4; lastKnownFileType = sourcecode.swift; path = Webservice.swift; sourceTree = "<group>"; };
		B35AF0D91D2A73CD004DD3DE /* UIViewController.swift */ = {isa = PBXFileReference; fileEncoding = 4; lastKnownFileType = sourcecode.swift; path = UIViewController.swift; sourceTree = "<group>"; };
		B3675C4B1D159B0700BD993E /* ErrorViewController.swift */ = {isa = PBXFileReference; fileEncoding = 4; lastKnownFileType = sourcecode.swift; path = ErrorViewController.swift; sourceTree = "<group>"; };
		B39181211D63653A00903EBE /* ImageHeadlineTableViewCell.swift */ = {isa = PBXFileReference; fileEncoding = 4; lastKnownFileType = sourcecode.swift; path = ImageHeadlineTableViewCell.swift; sourceTree = "<group>"; };
		B39181221D63653A00903EBE /* ImageHeadlineTableViewCell.xib */ = {isa = PBXFileReference; fileEncoding = 4; lastKnownFileType = file.xib; path = ImageHeadlineTableViewCell.xib; sourceTree = "<group>"; };
		B39D1D231D639B8600515A20 /* ReusableTableViewCell.swift */ = {isa = PBXFileReference; fileEncoding = 4; lastKnownFileType = sourcecode.swift; path = ReusableTableViewCell.swift; sourceTree = "<group>"; };
		B3AB06F71CC01A6C001D3AC1 /* FH-Survival.app */ = {isa = PBXFileReference; explicitFileType = wrapper.application; includeInIndex = 0; path = "FH-Survival.app"; sourceTree = BUILT_PRODUCTS_DIR; };
		B3AB06FA1CC01A6C001D3AC1 /* AppDelegate.swift */ = {isa = PBXFileReference; lastKnownFileType = sourcecode.swift; path = AppDelegate.swift; sourceTree = "<group>"; };
		B3AB07061CC01A6C001D3AC1 /* Info.plist */ = {isa = PBXFileReference; lastKnownFileType = text.plist.xml; path = Info.plist; sourceTree = "<group>"; };
		B3AB07131CC01E0C001D3AC1 /* SearchViewController.swift */ = {isa = PBXFileReference; fileEncoding = 4; lastKnownFileType = sourcecode.swift; path = SearchViewController.swift; sourceTree = "<group>"; };
		B3B681C61CC02F8D00958F22 /* Assets.xcassets */ = {isa = PBXFileReference; lastKnownFileType = folder.assetcatalog; path = Assets.xcassets; sourceTree = "<group>"; };
		B3B68EF41D23CB3C00BC0348 /* Resource.swift */ = {isa = PBXFileReference; fileEncoding = 4; lastKnownFileType = sourcecode.swift; path = Resource.swift; sourceTree = "<group>"; };
		B3C1B3961D16E5F000295AAA /* ColorScheme.swift */ = {isa = PBXFileReference; fileEncoding = 4; lastKnownFileType = sourcecode.swift; path = ColorScheme.swift; sourceTree = "<group>"; };
		B3C1B3981D16E62F00295AAA /* UIColor.swift */ = {isa = PBXFileReference; fileEncoding = 4; lastKnownFileType = sourcecode.swift; path = UIColor.swift; sourceTree = "<group>"; };
		B3C1B39B1D16E83700295AAA /* Styled.swift */ = {isa = PBXFileReference; fileEncoding = 4; lastKnownFileType = sourcecode.swift; path = Styled.swift; sourceTree = "<group>"; };
		B3C1B39F1D16EA8E00295AAA /* UIView.swift */ = {isa = PBXFileReference; fileEncoding = 4; lastKnownFileType = sourcecode.swift; path = UIView.swift; sourceTree = "<group>"; };
		B3C1B3A31D16F03700295AAA /* ContentTableViewCell.swift */ = {isa = PBXFileReference; fileEncoding = 4; lastKnownFileType = sourcecode.swift; path = ContentTableViewCell.swift; sourceTree = "<group>"; };
		B3C1B3A51D16F1D900295AAA /* ImageTableViewCell.swift */ = {isa = PBXFileReference; fileEncoding = 4; lastKnownFileType = sourcecode.swift; path = ImageTableViewCell.swift; sourceTree = "<group>"; };
		B3C58DA51D362AC700404A30 /* UITableView.swift */ = {isa = PBXFileReference; fileEncoding = 4; lastKnownFileType = sourcecode.swift; path = UITableView.swift; sourceTree = "<group>"; };
		B3D5DD541D109790000522BC /* HeadlineTableViewCell.swift */ = {isa = PBXFileReference; fileEncoding = 4; lastKnownFileType = sourcecode.swift; path = HeadlineTableViewCell.swift; sourceTree = "<group>"; };
		B3D65E601D25865B002AA4EF /* InformationDetailViewController.swift */ = {isa = PBXFileReference; fileEncoding = 4; lastKnownFileType = sourcecode.swift; path = InformationDetailViewController.swift; sourceTree = "<group>"; };
		B3D65E621D2589A4002AA4EF /* ContentTableViewCell.xib */ = {isa = PBXFileReference; fileEncoding = 4; lastKnownFileType = file.xib; path = ContentTableViewCell.xib; sourceTree = "<group>"; };
		B3D65E641D258BE0002AA4EF /* ImageTableViewCell.xib */ = {isa = PBXFileReference; fileEncoding = 4; lastKnownFileType = file.xib; path = ImageTableViewCell.xib; sourceTree = "<group>"; };
		B3D65E661D25BDD9002AA4EF /* ViewControllerProvider.swift */ = {isa = PBXFileReference; fileEncoding = 4; lastKnownFileType = sourcecode.swift; path = ViewControllerProvider.swift; sourceTree = "<group>"; };
		B3D683DE1D630EA200A3149E /* colorSchemes.json */ = {isa = PBXFileReference; fileEncoding = 4; lastKnownFileType = text.json; path = colorSchemes.json; sourceTree = "<group>"; };
		B3E1FE6C1D37D8D600ABFCFC /* Appearance.swift */ = {isa = PBXFileReference; fileEncoding = 4; lastKnownFileType = sourcecode.swift; path = Appearance.swift; sourceTree = "<group>"; };
		B3E1FE6E1D37DD7300ABFCFC /* UIApplication.swift */ = {isa = PBXFileReference; fileEncoding = 4; lastKnownFileType = sourcecode.swift; path = UIApplication.swift; sourceTree = "<group>"; };
		B3E1FE701D37DE5700ABFCFC /* LocalContentCoordinator.swift */ = {isa = PBXFileReference; fileEncoding = 4; lastKnownFileType = sourcecode.swift; path = LocalContentCoordinator.swift; sourceTree = "<group>"; };
		B3E1FE781D390E8300ABFCFC /* ColorSchemeViewController.swift */ = {isa = PBXFileReference; fileEncoding = 4; lastKnownFileType = sourcecode.swift; path = ColorSchemeViewController.swift; sourceTree = "<group>"; };
		B3E823471D4F5A30006B8328 /* ImageGalleryView.swift */ = {isa = PBXFileReference; fileEncoding = 4; lastKnownFileType = sourcecode.swift; name = ImageGalleryView.swift; path = ../../ImageGalleryView/ImageGalleryView/ImageGalleryView.swift; sourceTree = "<group>"; };
		B53398581D111F4F005C8EEA /* Content.swift */ = {isa = PBXFileReference; fileEncoding = 4; lastKnownFileType = sourcecode.swift; path = Content.swift; sourceTree = "<group>"; };
		B53398591D111F4F005C8EEA /* Diagnose.swift */ = {isa = PBXFileReference; fileEncoding = 4; lastKnownFileType = sourcecode.swift; path = Diagnose.swift; sourceTree = "<group>"; };
		B533985A1D111F4F005C8EEA /* Error.swift */ = {isa = PBXFileReference; fileEncoding = 4; lastKnownFileType = sourcecode.swift; path = Error.swift; sourceTree = "<group>"; };
		B533985B1D111F4F005C8EEA /* Information.swift */ = {isa = PBXFileReference; fileEncoding = 4; lastKnownFileType = sourcecode.swift; path = Information.swift; sourceTree = "<group>"; };
		B533985D1D111F4F005C8EEA /* Int.swift */ = {isa = PBXFileReference; fileEncoding = 4; lastKnownFileType = sourcecode.swift; path = Int.swift; sourceTree = "<group>"; };
		B53398621D111F4F005C8EEA /* Result.swift */ = {isa = PBXFileReference; fileEncoding = 4; lastKnownFileType = sourcecode.swift; path = Result.swift; sourceTree = "<group>"; };
		B53398641D111F4F005C8EEA /* URL.swift */ = {isa = PBXFileReference; fileEncoding = 4; lastKnownFileType = sourcecode.swift; path = URL.swift; sourceTree = "<group>"; };
		B5467B701D11855A005294CB /* ContentViewController.swift */ = {isa = PBXFileReference; fileEncoding = 4; lastKnownFileType = sourcecode.swift; path = ContentViewController.swift; sourceTree = "<group>"; };
/* End PBXFileReference section */

/* Begin PBXFrameworksBuildPhase section */
		B3AB06F41CC01A6C001D3AC1 /* Frameworks */ = {
			isa = PBXFrameworksBuildPhase;
			buildActionMask = 2147483647;
			files = (
			);
			runOnlyForDeploymentPostprocessing = 0;
		};
/* End PBXFrameworksBuildPhase section */

/* Begin PBXGroup section */
		B31DE9D31D3CC81900C2E6AF /* Collection View Cells */ = {
			isa = PBXGroup;
			children = (
				B31DE9D41D3CC84600C2E6AF /* ColorSelectionCollectionViewCell.xib */,
				B31DE9D61D3CC87400C2E6AF /* ColorSelectionCollectionViewCell.swift */,
			);
			name = "Collection View Cells";
			sourceTree = "<group>";
		};
		B35792A71D23BF060063B981 /* Table View Cells */ = {
			isa = PBXGroup;
			children = (
				B33B7C1B1D2483E200B23395 /* HeadlineTableViewCell.xib */,
				B3D65E621D2589A4002AA4EF /* ContentTableViewCell.xib */,
				B3D65E641D258BE0002AA4EF /* ImageTableViewCell.xib */,
				B39181221D63653A00903EBE /* ImageHeadlineTableViewCell.xib */,
				B3D5DD541D109790000522BC /* HeadlineTableViewCell.swift */,
				B3C1B3A51D16F1D900295AAA /* ImageTableViewCell.swift */,
				B3C1B3A31D16F03700295AAA /* ContentTableViewCell.swift */,
				B39181211D63653A00903EBE /* ImageHeadlineTableViewCell.swift */,
			);
			name = "Table View Cells";
			sourceTree = "<group>";
		};
		B35792AB1D23C3D50063B981 /* Networking */ = {
			isa = PBXGroup;
			children = (
				B35792AC1D23C3E20063B981 /* Webservice.swift */,
				B3B68EF41D23CB3C00BC0348 /* Resource.swift */,
				B33B7C151D245C3D00B23395 /* JSONDictionary.swift */,
			);
			name = Networking;
			sourceTree = "<group>";
		};
		B3AB06EE1CC01A6C001D3AC1 = {
			isa = PBXGroup;
			children = (
				B3AB06F91CC01A6C001D3AC1 /* FH-Survival */,
				B3AB06F81CC01A6C001D3AC1 /* Products */,
			);
			sourceTree = "<group>";
		};
		B3AB06F81CC01A6C001D3AC1 /* Products */ = {
			isa = PBXGroup;
			children = (
				B3AB06F71CC01A6C001D3AC1 /* FH-Survival.app */,
			);
			name = Products;
			sourceTree = "<group>";
		};
		B3AB06F91CC01A6C001D3AC1 /* FH-Survival */ = {
			isa = PBXGroup;
			children = (
				B53398551D111F2A005C8EEA /* Model */,
				B3D5DD561D109798000522BC /* View */,
				B3AB070C1CC01D89001D3AC1 /* View Controller */,
				B3C1B3A91D16FDEC00295AAA /* Protocols */,
				B3C1B39A1D16E64E00295AAA /* Extensions */,
				B3D5DD571D1097A2000522BC /* Files */,
			);
			path = "FH-Survival";
			sourceTree = "<group>";
		};
		B3AB070C1CC01D89001D3AC1 /* View Controller */ = {
			isa = PBXGroup;
			children = (
				B3D65E661D25BDD9002AA4EF /* ViewControllerProvider.swift */,
				B3AB07131CC01E0C001D3AC1 /* SearchViewController.swift */,
				B33B7C191D2482E200B23395 /* InformationListViewController.swift */,
				B3D65E601D25865B002AA4EF /* InformationDetailViewController.swift */,
				B3E1FE781D390E8300ABFCFC /* ColorSchemeViewController.swift */,
			);
			name = "View Controller";
			sourceTree = "<group>";
		};
		B3C1B3951D16E5E100295AAA /* Appearance */ = {
			isa = PBXGroup;
			children = (
				B31DE9DE1D3CDA0200C2E6AF /* AppColor.swift */,
				B3C1B3961D16E5F000295AAA /* ColorScheme.swift */,
				B3E1FE6C1D37D8D600ABFCFC /* Appearance.swift */,
			);
			name = Appearance;
			sourceTree = "<group>";
		};
		B3C1B39A1D16E64E00295AAA /* Extensions */ = {
			isa = PBXGroup;
			children = (
				B533985D1D111F4F005C8EEA /* Int.swift */,
				B30FE2861D18404700595480 /* NSDate.swift */,
				B35792A81D23BFB40063B981 /* String.swift */,
				B3C1B3981D16E62F00295AAA /* UIColor.swift */,
				B34569771D17D16C00C406CA /* UIFont.swift */,
				B3C1B39F1D16EA8E00295AAA /* UIView.swift */,
				B35AF0D91D2A73CD004DD3DE /* UIViewController.swift */,
				B3C58DA51D362AC700404A30 /* UITableView.swift */,
				B31DE9DA1D3CCB0B00C2E6AF /* UICollectionView.swift */,
				B3E1FE6E1D37DD7300ABFCFC /* UIApplication.swift */,
			);
			name = Extensions;
			sourceTree = "<group>";
		};
		B3C1B3A91D16FDEC00295AAA /* Protocols */ = {
			isa = PBXGroup;
			children = (
				B3C1B39B1D16E83700295AAA /* Styled.swift */,
				B5467B701D11855A005294CB /* ContentViewController.swift */,
				B3675C4B1D159B0700BD993E /* ErrorViewController.swift */,
				B35792A51D23BED00063B981 /* LoadingViewController.swift */,
				B31DE9D81D3CCAF100C2E6AF /* Reusable.swift */,
				B39D1D231D639B8600515A20 /* ReusableTableViewCell.swift */,
			);
			name = Protocols;
			sourceTree = "<group>";
		};
		B3D5DD561D109798000522BC /* View */ = {
			isa = PBXGroup;
			children = (
				B3E823471D4F5A30006B8328 /* ImageGalleryView.swift */,
				B3C1B3951D16E5E100295AAA /* Appearance */,
				B35792A71D23BF060063B981 /* Table View Cells */,
				B31DE9D31D3CC81900C2E6AF /* Collection View Cells */,
			);
			name = View;
			sourceTree = "<group>";
		};
		B3D5DD571D1097A2000522BC /* Files */ = {
			isa = PBXGroup;
			children = (
				B3B681C61CC02F8D00958F22 /* Assets.xcassets */,
				B3AB07061CC01A6C001D3AC1 /* Info.plist */,
				B307112B1D0A98D9008FBE31 /* content.json */,
				B3D683DE1D630EA200A3149E /* colorSchemes.json */,
			);
			name = Files;
			sourceTree = "<group>";
		};
		B53398551D111F2A005C8EEA /* Model */ = {
			isa = PBXGroup;
			children = (
				B3AB06FA1CC01A6C001D3AC1 /* AppDelegate.swift */,
				B35792AB1D23C3D50063B981 /* Networking */,
				B53398751D111F9E005C8EEA /* Data */,
				B53398741D111F89005C8EEA /* Helper */,
			);
			name = Model;
			sourceTree = "<group>";
		};
		B53398741D111F89005C8EEA /* Helper */ = {
			isa = PBXGroup;
			children = (
				B30FE2841D183E5400595480 /* Asset.swift */,
				B53398591D111F4F005C8EEA /* Diagnose.swift */,
				B533985A1D111F4F005C8EEA /* Error.swift */,
				B53398621D111F4F005C8EEA /* Result.swift */,
			);
			name = Helper;
			sourceTree = "<group>";
		};
		B53398751D111F9E005C8EEA /* Data */ = {
			isa = PBXGroup;
			children = (
				B53398581D111F4F005C8EEA /* Content.swift */,
				B533985B1D111F4F005C8EEA /* Information.swift */,
				B53398641D111F4F005C8EEA /* URL.swift */,
				B33B7C171D24758A00B23395 /* Tag.swift */,
				B3E1FE701D37DE5700ABFCFC /* LocalContentCoordinator.swift */,
			);
			name = Data;
			sourceTree = "<group>";
		};
/* End PBXGroup section */

/* Begin PBXNativeTarget section */
		B3AB06F61CC01A6C001D3AC1 /* FH-Survival */ = {
			isa = PBXNativeTarget;
			buildConfigurationList = B3AB07091CC01A6C001D3AC1 /* Build configuration list for PBXNativeTarget "FH-Survival" */;
			buildPhases = (
				B3AB06F31CC01A6C001D3AC1 /* Sources */,
				B3AB06F41CC01A6C001D3AC1 /* Frameworks */,
				B3AB06F51CC01A6C001D3AC1 /* Resources */,
			);
			buildRules = (
			);
			dependencies = (
			);
			name = "FH-Survival";
			productName = "FH-Survival";
			productReference = B3AB06F71CC01A6C001D3AC1 /* FH-Survival.app */;
			productType = "com.apple.product-type.application";
		};
/* End PBXNativeTarget section */

/* Begin PBXProject section */
		B3AB06EF1CC01A6C001D3AC1 /* Project object */ = {
			isa = PBXProject;
			attributes = {
				LastSwiftUpdateCheck = 0730;
				LastUpgradeCheck = 0730;
				ORGANIZATIONNAME = "Ben Boecker";
				TargetAttributes = {
					B3AB06F61CC01A6C001D3AC1 = {
						CreatedOnToolsVersion = 7.3;
					};
				};
			};
			buildConfigurationList = B3AB06F21CC01A6C001D3AC1 /* Build configuration list for PBXProject "FH-Survival" */;
			compatibilityVersion = "Xcode 3.2";
			developmentRegion = English;
			hasScannedForEncodings = 0;
			knownRegions = (
				en,
				Base,
			);
			mainGroup = B3AB06EE1CC01A6C001D3AC1;
			productRefGroup = B3AB06F81CC01A6C001D3AC1 /* Products */;
			projectDirPath = "";
			projectRoot = "";
			targets = (
				B3AB06F61CC01A6C001D3AC1 /* FH-Survival */,
			);
		};
/* End PBXProject section */

/* Begin PBXResourcesBuildPhase section */
		B3AB06F51CC01A6C001D3AC1 /* Resources */ = {
			isa = PBXResourcesBuildPhase;
			buildActionMask = 2147483647;
			files = (
				B3D683DF1D630EA200A3149E /* colorSchemes.json in Resources */,
				B3D65E651D258BE0002AA4EF /* ImageTableViewCell.xib in Resources */,
				B33B7C1C1D2483E200B23395 /* HeadlineTableViewCell.xib in Resources */,
				B3B681C71CC02F8D00958F22 /* Assets.xcassets in Resources */,
				B31DE9D51D3CC84600C2E6AF /* ColorSelectionCollectionViewCell.xib in Resources */,
				B307112C1D0A98D9008FBE31 /* content.json in Resources */,
				B3D65E631D2589A4002AA4EF /* ContentTableViewCell.xib in Resources */,
				B39181241D63653A00903EBE /* ImageHeadlineTableViewCell.xib in Resources */,
			);
			runOnlyForDeploymentPostprocessing = 0;
		};
/* End PBXResourcesBuildPhase section */

/* Begin PBXSourcesBuildPhase section */
		B3AB06F31CC01A6C001D3AC1 /* Sources */ = {
			isa = PBXSourcesBuildPhase;
			buildActionMask = 2147483647;
			files = (
				B3B68EF51D23CB3C00BC0348 /* Resource.swift in Sources */,
				B3D65E671D25BDD9002AA4EF /* ViewControllerProvider.swift in Sources */,
				B3C1B39C1D16E83700295AAA /* Styled.swift in Sources */,
				B3D65E611D25865B002AA4EF /* InformationDetailViewController.swift in Sources */,
				B31DE9D91D3CCAF100C2E6AF /* Reusable.swift in Sources */,
				B53398681D111F4F005C8EEA /* Diagnose.swift in Sources */,
				B3E1FE791D390E8300ABFCFC /* ColorSchemeViewController.swift in Sources */,
				B30FE2871D18404700595480 /* NSDate.swift in Sources */,
				B3C1B3A01D16EA8E00295AAA /* UIView.swift in Sources */,
				B3E1FE6D1D37D8D600ABFCFC /* Appearance.swift in Sources */,
				B39181231D63653A00903EBE /* ImageHeadlineTableViewCell.swift in Sources */,
				B33B7C1A1D2482E200B23395 /* InformationListViewController.swift in Sources */,
				B35792AD1D23C3E20063B981 /* Webservice.swift in Sources */,
				B33B7C181D24758A00B23395 /* Tag.swift in Sources */,
				B31DE9D71D3CC87400C2E6AF /* ColorSelectionCollectionViewCell.swift in Sources */,
				B3E823481D4F5A30006B8328 /* ImageGalleryView.swift in Sources */,
				B3C1B3A41D16F03700295AAA /* ContentTableViewCell.swift in Sources */,
				B3C1B3971D16E5F000295AAA /* ColorScheme.swift in Sources */,
				B31DE9DF1D3CDA0200C2E6AF /* AppColor.swift in Sources */,
				B533986C1D111F4F005C8EEA /* Int.swift in Sources */,
				B3C58DA61D362AC700404A30 /* UITableView.swift in Sources */,
				B33B7C161D245C3D00B23395 /* JSONDictionary.swift in Sources */,
				B3AB07141CC01E0C001D3AC1 /* SearchViewController.swift in Sources */,
				B30FE2851D183E5400595480 /* Asset.swift in Sources */,
				B3C1B3991D16E62F00295AAA /* UIColor.swift in Sources */,
				B39D1D241D639B8600515A20 /* ReusableTableViewCell.swift in Sources */,
				B3E1FE711D37DE5700ABFCFC /* LocalContentCoordinator.swift in Sources */,
				B5467B711D11855A005294CB /* ContentViewController.swift in Sources */,
				B53398671D111F4F005C8EEA /* Content.swift in Sources */,
				B34569781D17D16C00C406CA /* UIFont.swift in Sources */,
				B53398691D111F4F005C8EEA /* Error.swift in Sources */,
				B35792A61D23BED00063B981 /* LoadingViewController.swift in Sources */,
				B3675C4C1D159B0700BD993E /* ErrorViewController.swift in Sources */,
				B53398711D111F4F005C8EEA /* Result.swift in Sources */,
				B533986A1D111F4F005C8EEA /* Information.swift in Sources */,
				B35792A91D23BFB40063B981 /* String.swift in Sources */,
				B3E1FE6F1D37DD7300ABFCFC /* UIApplication.swift in Sources */,
				B53398731D111F4F005C8EEA /* URL.swift in Sources */,
				B35AF0DA1D2A73CD004DD3DE /* UIViewController.swift in Sources */,
				B3C1B3A61D16F1D900295AAA /* ImageTableViewCell.swift in Sources */,
				B3AB06FB1CC01A6C001D3AC1 /* AppDelegate.swift in Sources */,
				B31DE9DB1D3CCB0B00C2E6AF /* UICollectionView.swift in Sources */,
				B3D5DD551D109790000522BC /* HeadlineTableViewCell.swift in Sources */,
			);
			runOnlyForDeploymentPostprocessing = 0;
		};
/* End PBXSourcesBuildPhase section */

/* Begin XCBuildConfiguration section */
		B3AB07071CC01A6C001D3AC1 /* Debug */ = {
			isa = XCBuildConfiguration;
			buildSettings = {
				ALWAYS_SEARCH_USER_PATHS = NO;
				CLANG_ANALYZER_NONNULL = YES;
				CLANG_CXX_LANGUAGE_STANDARD = "gnu++0x";
				CLANG_CXX_LIBRARY = "libc++";
				CLANG_ENABLE_MODULES = YES;
				CLANG_ENABLE_OBJC_ARC = YES;
				CLANG_WARN_BOOL_CONVERSION = YES;
				CLANG_WARN_CONSTANT_CONVERSION = YES;
				CLANG_WARN_DIRECT_OBJC_ISA_USAGE = YES_ERROR;
				CLANG_WARN_EMPTY_BODY = YES;
				CLANG_WARN_ENUM_CONVERSION = YES;
				CLANG_WARN_INT_CONVERSION = YES;
				CLANG_WARN_OBJC_ROOT_CLASS = YES_ERROR;
				CLANG_WARN_UNREACHABLE_CODE = YES;
				CLANG_WARN__DUPLICATE_METHOD_MATCH = YES;
				"CODE_SIGN_IDENTITY[sdk=iphoneos*]" = "iPhone Developer";
				COPY_PHASE_STRIP = NO;
				DEBUG_INFORMATION_FORMAT = dwarf;
				ENABLE_STRICT_OBJC_MSGSEND = YES;
				ENABLE_TESTABILITY = YES;
				GCC_C_LANGUAGE_STANDARD = gnu99;
				GCC_DYNAMIC_NO_PIC = NO;
				GCC_NO_COMMON_BLOCKS = YES;
				GCC_OPTIMIZATION_LEVEL = 0;
				GCC_PREPROCESSOR_DEFINITIONS = (
					"DEBUG=1",
					"$(inherited)",
				);
				GCC_WARN_64_TO_32_BIT_CONVERSION = YES;
				GCC_WARN_ABOUT_RETURN_TYPE = YES_ERROR;
				GCC_WARN_UNDECLARED_SELECTOR = YES;
				GCC_WARN_UNINITIALIZED_AUTOS = YES_AGGRESSIVE;
				GCC_WARN_UNUSED_FUNCTION = YES;
				GCC_WARN_UNUSED_VARIABLE = YES;
				IPHONEOS_DEPLOYMENT_TARGET = 9.3;
				MTL_ENABLE_DEBUG_INFO = YES;
				ONLY_ACTIVE_ARCH = YES;
				SDKROOT = iphoneos;
				SWIFT_OPTIMIZATION_LEVEL = "-Onone";
				TARGETED_DEVICE_FAMILY = "1,2";
			};
			name = Debug;
		};
		B3AB07081CC01A6C001D3AC1 /* Release */ = {
			isa = XCBuildConfiguration;
			buildSettings = {
				ALWAYS_SEARCH_USER_PATHS = NO;
				CLANG_ANALYZER_NONNULL = YES;
				CLANG_CXX_LANGUAGE_STANDARD = "gnu++0x";
				CLANG_CXX_LIBRARY = "libc++";
				CLANG_ENABLE_MODULES = YES;
				CLANG_ENABLE_OBJC_ARC = YES;
				CLANG_WARN_BOOL_CONVERSION = YES;
				CLANG_WARN_CONSTANT_CONVERSION = YES;
				CLANG_WARN_DIRECT_OBJC_ISA_USAGE = YES_ERROR;
				CLANG_WARN_EMPTY_BODY = YES;
				CLANG_WARN_ENUM_CONVERSION = YES;
				CLANG_WARN_INT_CONVERSION = YES;
				CLANG_WARN_OBJC_ROOT_CLASS = YES_ERROR;
				CLANG_WARN_UNREACHABLE_CODE = YES;
				CLANG_WARN__DUPLICATE_METHOD_MATCH = YES;
				"CODE_SIGN_IDENTITY[sdk=iphoneos*]" = "iPhone Developer";
				COPY_PHASE_STRIP = NO;
				DEBUG_INFORMATION_FORMAT = "dwarf-with-dsym";
				ENABLE_NS_ASSERTIONS = NO;
				ENABLE_STRICT_OBJC_MSGSEND = YES;
				GCC_C_LANGUAGE_STANDARD = gnu99;
				GCC_NO_COMMON_BLOCKS = YES;
				GCC_WARN_64_TO_32_BIT_CONVERSION = YES;
				GCC_WARN_ABOUT_RETURN_TYPE = YES_ERROR;
				GCC_WARN_UNDECLARED_SELECTOR = YES;
				GCC_WARN_UNINITIALIZED_AUTOS = YES_AGGRESSIVE;
				GCC_WARN_UNUSED_FUNCTION = YES;
				GCC_WARN_UNUSED_VARIABLE = YES;
				IPHONEOS_DEPLOYMENT_TARGET = 9.3;
				MTL_ENABLE_DEBUG_INFO = NO;
				SDKROOT = iphoneos;
				TARGETED_DEVICE_FAMILY = "1,2";
				VALIDATE_PRODUCT = YES;
			};
			name = Release;
		};
		B3AB070A1CC01A6C001D3AC1 /* Debug */ = {
			isa = XCBuildConfiguration;
			buildSettings = {
				ASSETCATALOG_COMPILER_APPICON_NAME = AppIcon;
				CODE_SIGN_IDENTITY = "iPhone Developer";
				INFOPLIST_FILE = "FH-Survival/Info.plist";
				LD_RUNPATH_SEARCH_PATHS = "$(inherited) @executable_path/Frameworks";
				PRODUCT_BUNDLE_IDENTIFIER = "com.ben-boecker.FH-Survival";
				PRODUCT_NAME = "$(TARGET_NAME)";
				TARGETED_DEVICE_FAMILY = 1;
			};
			name = Debug;
		};
		B3AB070B1CC01A6C001D3AC1 /* Release */ = {
			isa = XCBuildConfiguration;
			buildSettings = {
				ASSETCATALOG_COMPILER_APPICON_NAME = AppIcon;
				CODE_SIGN_IDENTITY = "iPhone Developer";
				INFOPLIST_FILE = "FH-Survival/Info.plist";
				LD_RUNPATH_SEARCH_PATHS = "$(inherited) @executable_path/Frameworks";
				PRODUCT_BUNDLE_IDENTIFIER = "com.ben-boecker.FH-Survival";
				PRODUCT_NAME = "$(TARGET_NAME)";
				TARGETED_DEVICE_FAMILY = 1;
			};
			name = Release;
		};
/* End XCBuildConfiguration section */

/* Begin XCConfigurationList section */
		B3AB06F21CC01A6C001D3AC1 /* Build configuration list for PBXProject "FH-Survival" */ = {
			isa = XCConfigurationList;
			buildConfigurations = (
				B3AB07071CC01A6C001D3AC1 /* Debug */,
				B3AB07081CC01A6C001D3AC1 /* Release */,
			);
			defaultConfigurationIsVisible = 0;
			defaultConfigurationName = Release;
		};
		B3AB07091CC01A6C001D3AC1 /* Build configuration list for PBXNativeTarget "FH-Survival" */ = {
			isa = XCConfigurationList;
			buildConfigurations = (
				B3AB070A1CC01A6C001D3AC1 /* Debug */,
				B3AB070B1CC01A6C001D3AC1 /* Release */,
			);
			defaultConfigurationIsVisible = 0;
			defaultConfigurationName = Release;
		};
/* End XCConfigurationList section */
	};
	rootObject = B3AB06EF1CC01A6C001D3AC1 /* Project object */;
}
