// !$*UTF8*$!
{
	archiveVersion = 1;
	classes = {
	};
	objectVersion = 46;
	objects = {

/* Begin PBXBuildFile section */
		B307112C1D0A98D9008FBE31 /* content.json in Resources */ = {isa = PBXBuildFile; fileRef = B307112B1D0A98D9008FBE31 /* content.json */; };
		B30711331D0AFB1C008FBE31 /* JSONResource.swift in Sources */ = {isa = PBXBuildFile; fileRef = B30711321D0AFB1C008FBE31 /* JSONResource.swift */; };
		B30711351D0AFC0E008FBE31 /* Error.swift in Sources */ = {isa = PBXBuildFile; fileRef = B30711341D0AFC0E008FBE31 /* Error.swift */; };
		B30711381D0AFD87008FBE31 /* Content.swift in Sources */ = {isa = PBXBuildFile; fileRef = B30711371D0AFD87008FBE31 /* Content.swift */; };
		B307113A1D0AFD9E008FBE31 /* Resource.swift in Sources */ = {isa = PBXBuildFile; fileRef = B30711391D0AFD9E008FBE31 /* Resource.swift */; };
		B307113C1D0AFE95008FBE31 /* LocalResource.swift in Sources */ = {isa = PBXBuildFile; fileRef = B307113B1D0AFE95008FBE31 /* LocalResource.swift */; };
		B307B9BF1D105D5A008DC73E /* Hint.swift in Sources */ = {isa = PBXBuildFile; fileRef = B307B9BE1D105D5A008DC73E /* Hint.swift */; };
		B307B9C11D105F24008DC73E /* URL.swift in Sources */ = {isa = PBXBuildFile; fileRef = B307B9C01D105F24008DC73E /* URL.swift */; };
		B307B9C31D105F2D008DC73E /* Tag.swift in Sources */ = {isa = PBXBuildFile; fileRef = B307B9C21D105F2D008DC73E /* Tag.swift */; };
		B307B9C51D105F5C008DC73E /* Collection.swift in Sources */ = {isa = PBXBuildFile; fileRef = B307B9C41D105F5C008DC73E /* Collection.swift */; };
		B3AA4C4E1D0B54D500B2303B /* Diagnose.swift in Sources */ = {isa = PBXBuildFile; fileRef = B3AA4C4D1D0B54D500B2303B /* Diagnose.swift */; };
		B3AB06FB1CC01A6C001D3AC1 /* AppDelegate.swift in Sources */ = {isa = PBXBuildFile; fileRef = B3AB06FA1CC01A6C001D3AC1 /* AppDelegate.swift */; };
		B3AB07001CC01A6C001D3AC1 /* Main.storyboard in Resources */ = {isa = PBXBuildFile; fileRef = B3AB06FE1CC01A6C001D3AC1 /* Main.storyboard */; };
		B3AB07051CC01A6C001D3AC1 /* LaunchScreen.storyboard in Resources */ = {isa = PBXBuildFile; fileRef = B3AB07031CC01A6C001D3AC1 /* LaunchScreen.storyboard */; };
		B3AB070E1CC01DC3001D3AC1 /* IntroductionViewController.swift in Sources */ = {isa = PBXBuildFile; fileRef = B3AB070D1CC01DC3001D3AC1 /* IntroductionViewController.swift */; };
		B3AB07101CC01DD5001D3AC1 /* OrganisationViewController.swift in Sources */ = {isa = PBXBuildFile; fileRef = B3AB070F1CC01DD5001D3AC1 /* OrganisationViewController.swift */; };
		B3AB07121CC01E00001D3AC1 /* HintsViewController.swift in Sources */ = {isa = PBXBuildFile; fileRef = B3AB07111CC01E00001D3AC1 /* HintsViewController.swift */; };
		B3AB07141CC01E0C001D3AC1 /* SearchViewController.swift in Sources */ = {isa = PBXBuildFile; fileRef = B3AB07131CC01E0C001D3AC1 /* SearchViewController.swift */; };
		B3AB07161CC01E32001D3AC1 /* ContactsViewController.swift in Sources */ = {isa = PBXBuildFile; fileRef = B3AB07151CC01E32001D3AC1 /* ContactsViewController.swift */; };
		B3AB07181CC01E6B001D3AC1 /* Introduction.storyboard in Resources */ = {isa = PBXBuildFile; fileRef = B3AB07171CC01E6B001D3AC1 /* Introduction.storyboard */; };
		B3AB071A1CC01E8F001D3AC1 /* Organisation.storyboard in Resources */ = {isa = PBXBuildFile; fileRef = B3AB07191CC01E8F001D3AC1 /* Organisation.storyboard */; };
		B3AB071C1CC01E95001D3AC1 /* Search.storyboard in Resources */ = {isa = PBXBuildFile; fileRef = B3AB071B1CC01E95001D3AC1 /* Search.storyboard */; };
		B3AB071E1CC01E9B001D3AC1 /* Hints.storyboard in Resources */ = {isa = PBXBuildFile; fileRef = B3AB071D1CC01E9B001D3AC1 /* Hints.storyboard */; };
		B3AB07201CC01EA4001D3AC1 /* Contacts.storyboard in Resources */ = {isa = PBXBuildFile; fileRef = B3AB071F1CC01EA4001D3AC1 /* Contacts.storyboard */; };
		B3B681C71CC02F8D00958F22 /* Assets.xcassets in Resources */ = {isa = PBXBuildFile; fileRef = B3B681C61CC02F8D00958F22 /* Assets.xcassets */; };
		B3D5DD4D1D107A64000522BC /* Int.swift in Sources */ = {isa = PBXBuildFile; fileRef = B3D5DD4C1D107A64000522BC /* Int.swift */; };
		B3D5DD4F1D107B72000522BC /* JSONFile.swift in Sources */ = {isa = PBXBuildFile; fileRef = B3D5DD4E1D107B72000522BC /* JSONFile.swift */; };
		B3D5DD511D107E4A000522BC /* Contact.swift in Sources */ = {isa = PBXBuildFile; fileRef = B3D5DD501D107E4A000522BC /* Contact.swift */; };
		B3D5DD531D10858B000522BC /* Result.swift in Sources */ = {isa = PBXBuildFile; fileRef = B3D5DD521D10858B000522BC /* Result.swift */; };
		B3D5DD551D109790000522BC /* ContactTableViewCell.swift in Sources */ = {isa = PBXBuildFile; fileRef = B3D5DD541D109790000522BC /* ContactTableViewCell.swift */; };
		B3D5DD5A1D10AB7C000522BC /* InformationListTableViewController.swift in Sources */ = {isa = PBXBuildFile; fileRef = B3D5DD591D10AB7C000522BC /* InformationListTableViewController.swift */; };
		B3D5DD5C1D10ADFC000522BC /* Information.swift in Sources */ = {isa = PBXBuildFile; fileRef = B3D5DD5B1D10ADFC000522BC /* Information.swift */; };
/* End PBXBuildFile section */

/* Begin PBXFileReference section */
		B307112B1D0A98D9008FBE31 /* content.json */ = {isa = PBXFileReference; fileEncoding = 4; lastKnownFileType = text.json; path = content.json; sourceTree = "<group>"; };
		B30711321D0AFB1C008FBE31 /* JSONResource.swift */ = {isa = PBXFileReference; fileEncoding = 4; lastKnownFileType = sourcecode.swift; path = JSONResource.swift; sourceTree = "<group>"; };
		B30711341D0AFC0E008FBE31 /* Error.swift */ = {isa = PBXFileReference; fileEncoding = 4; lastKnownFileType = sourcecode.swift; path = Error.swift; sourceTree = "<group>"; };
		B30711371D0AFD87008FBE31 /* Content.swift */ = {isa = PBXFileReference; fileEncoding = 4; lastKnownFileType = sourcecode.swift; path = Content.swift; sourceTree = "<group>"; };
		B30711391D0AFD9E008FBE31 /* Resource.swift */ = {isa = PBXFileReference; fileEncoding = 4; lastKnownFileType = sourcecode.swift; path = Resource.swift; sourceTree = "<group>"; };
		B307113B1D0AFE95008FBE31 /* LocalResource.swift */ = {isa = PBXFileReference; fileEncoding = 4; lastKnownFileType = sourcecode.swift; path = LocalResource.swift; sourceTree = "<group>"; };
		B307B9BE1D105D5A008DC73E /* Hint.swift */ = {isa = PBXFileReference; fileEncoding = 4; lastKnownFileType = sourcecode.swift; path = Hint.swift; sourceTree = "<group>"; };
		B307B9C01D105F24008DC73E /* URL.swift */ = {isa = PBXFileReference; fileEncoding = 4; lastKnownFileType = sourcecode.swift; path = URL.swift; sourceTree = "<group>"; };
		B307B9C21D105F2D008DC73E /* Tag.swift */ = {isa = PBXFileReference; fileEncoding = 4; lastKnownFileType = sourcecode.swift; path = Tag.swift; sourceTree = "<group>"; };
		B307B9C41D105F5C008DC73E /* Collection.swift */ = {isa = PBXFileReference; fileEncoding = 4; lastKnownFileType = sourcecode.swift; path = Collection.swift; sourceTree = "<group>"; };
		B3AA4C4D1D0B54D500B2303B /* Diagnose.swift */ = {isa = PBXFileReference; fileEncoding = 4; lastKnownFileType = sourcecode.swift; path = Diagnose.swift; sourceTree = "<group>"; };
		B3AB06F71CC01A6C001D3AC1 /* FH-Survival.app */ = {isa = PBXFileReference; explicitFileType = wrapper.application; includeInIndex = 0; path = "FH-Survival.app"; sourceTree = BUILT_PRODUCTS_DIR; };
		B3AB06FA1CC01A6C001D3AC1 /* AppDelegate.swift */ = {isa = PBXFileReference; lastKnownFileType = sourcecode.swift; path = AppDelegate.swift; sourceTree = "<group>"; };
		B3AB06FF1CC01A6C001D3AC1 /* Base */ = {isa = PBXFileReference; lastKnownFileType = file.storyboard; name = Base; path = Base.lproj/Main.storyboard; sourceTree = "<group>"; };
		B3AB07041CC01A6C001D3AC1 /* Base */ = {isa = PBXFileReference; lastKnownFileType = file.storyboard; name = Base; path = Base.lproj/LaunchScreen.storyboard; sourceTree = "<group>"; };
		B3AB07061CC01A6C001D3AC1 /* Info.plist */ = {isa = PBXFileReference; lastKnownFileType = text.plist.xml; path = Info.plist; sourceTree = "<group>"; };
		B3AB070D1CC01DC3001D3AC1 /* IntroductionViewController.swift */ = {isa = PBXFileReference; fileEncoding = 4; lastKnownFileType = sourcecode.swift; path = IntroductionViewController.swift; sourceTree = "<group>"; };
		B3AB070F1CC01DD5001D3AC1 /* OrganisationViewController.swift */ = {isa = PBXFileReference; fileEncoding = 4; lastKnownFileType = sourcecode.swift; path = OrganisationViewController.swift; sourceTree = "<group>"; };
		B3AB07111CC01E00001D3AC1 /* HintsViewController.swift */ = {isa = PBXFileReference; fileEncoding = 4; lastKnownFileType = sourcecode.swift; path = HintsViewController.swift; sourceTree = "<group>"; };
		B3AB07131CC01E0C001D3AC1 /* SearchViewController.swift */ = {isa = PBXFileReference; fileEncoding = 4; lastKnownFileType = sourcecode.swift; path = SearchViewController.swift; sourceTree = "<group>"; };
		B3AB07151CC01E32001D3AC1 /* ContactsViewController.swift */ = {isa = PBXFileReference; fileEncoding = 4; lastKnownFileType = sourcecode.swift; path = ContactsViewController.swift; sourceTree = "<group>"; };
		B3AB07171CC01E6B001D3AC1 /* Introduction.storyboard */ = {isa = PBXFileReference; fileEncoding = 4; lastKnownFileType = file.storyboard; path = Introduction.storyboard; sourceTree = "<group>"; };
		B3AB07191CC01E8F001D3AC1 /* Organisation.storyboard */ = {isa = PBXFileReference; fileEncoding = 4; lastKnownFileType = file.storyboard; path = Organisation.storyboard; sourceTree = "<group>"; };
		B3AB071B1CC01E95001D3AC1 /* Search.storyboard */ = {isa = PBXFileReference; fileEncoding = 4; lastKnownFileType = file.storyboard; path = Search.storyboard; sourceTree = "<group>"; };
		B3AB071D1CC01E9B001D3AC1 /* Hints.storyboard */ = {isa = PBXFileReference; fileEncoding = 4; lastKnownFileType = file.storyboard; path = Hints.storyboard; sourceTree = "<group>"; };
		B3AB071F1CC01EA4001D3AC1 /* Contacts.storyboard */ = {isa = PBXFileReference; fileEncoding = 4; lastKnownFileType = file.storyboard; path = Contacts.storyboard; sourceTree = "<group>"; };
		B3B681C61CC02F8D00958F22 /* Assets.xcassets */ = {isa = PBXFileReference; lastKnownFileType = folder.assetcatalog; path = Assets.xcassets; sourceTree = "<group>"; };
		B3D5DD4C1D107A64000522BC /* Int.swift */ = {isa = PBXFileReference; fileEncoding = 4; lastKnownFileType = sourcecode.swift; path = Int.swift; sourceTree = "<group>"; };
		B3D5DD4E1D107B72000522BC /* JSONFile.swift */ = {isa = PBXFileReference; fileEncoding = 4; lastKnownFileType = sourcecode.swift; path = JSONFile.swift; sourceTree = "<group>"; };
		B3D5DD501D107E4A000522BC /* Contact.swift */ = {isa = PBXFileReference; fileEncoding = 4; lastKnownFileType = sourcecode.swift; path = Contact.swift; sourceTree = "<group>"; };
		B3D5DD521D10858B000522BC /* Result.swift */ = {isa = PBXFileReference; fileEncoding = 4; lastKnownFileType = sourcecode.swift; path = Result.swift; sourceTree = "<group>"; };
		B3D5DD541D109790000522BC /* ContactTableViewCell.swift */ = {isa = PBXFileReference; fileEncoding = 4; lastKnownFileType = sourcecode.swift; path = ContactTableViewCell.swift; sourceTree = "<group>"; };
		B3D5DD591D10AB7C000522BC /* InformationListTableViewController.swift */ = {isa = PBXFileReference; fileEncoding = 4; lastKnownFileType = sourcecode.swift; path = InformationListTableViewController.swift; sourceTree = "<group>"; };
		B3D5DD5B1D10ADFC000522BC /* Information.swift */ = {isa = PBXFileReference; fileEncoding = 4; lastKnownFileType = sourcecode.swift; path = Information.swift; sourceTree = "<group>"; };
/* End PBXFileReference section */

/* Begin PBXFrameworksBuildPhase section */
		B3AB06F41CC01A6C001D3AC1 /* Frameworks */ = {
			isa = PBXFrameworksBuildPhase;
			buildActionMask = 2147483647;
			files = (
			);
			runOnlyForDeploymentPostprocessing = 0;
		};
/* End PBXFrameworksBuildPhase section */

/* Begin PBXGroup section */
		B307112D1D0AF737008FBE31 /* JSON */ = {
			isa = PBXGroup;
			children = (
				B3D5DD4E1D107B72000522BC /* JSONFile.swift */,
				B30711321D0AFB1C008FBE31 /* JSONResource.swift */,
				B30711391D0AFD9E008FBE31 /* Resource.swift */,
				B307113B1D0AFE95008FBE31 /* LocalResource.swift */,
			);
			name = JSON;
			sourceTree = "<group>";
		};
		B30711361D0AFD70008FBE31 /* Content */ = {
			isa = PBXGroup;
			children = (
				B30711371D0AFD87008FBE31 /* Content.swift */,
			);
			name = Content;
			sourceTree = "<group>";
		};
		B3928B501D09E2BD00E839E0 /* Data */ = {
			isa = PBXGroup;
			children = (
				B307B9BE1D105D5A008DC73E /* Hint.swift */,
				B307B9C01D105F24008DC73E /* URL.swift */,
				B307B9C21D105F2D008DC73E /* Tag.swift */,
				B307B9C41D105F5C008DC73E /* Collection.swift */,
				B3D5DD501D107E4A000522BC /* Contact.swift */,
				B3D5DD5B1D10ADFC000522BC /* Information.swift */,
			);
			name = Data;
			sourceTree = "<group>";
		};
		B3AB06EE1CC01A6C001D3AC1 = {
			isa = PBXGroup;
			children = (
				B3AB06F91CC01A6C001D3AC1 /* FH-Survival */,
				B3AB06F81CC01A6C001D3AC1 /* Products */,
			);
			sourceTree = "<group>";
		};
		B3AB06F81CC01A6C001D3AC1 /* Products */ = {
			isa = PBXGroup;
			children = (
				B3AB06F71CC01A6C001D3AC1 /* FH-Survival.app */,
			);
			name = Products;
			sourceTree = "<group>";
		};
		B3AB06F91CC01A6C001D3AC1 /* FH-Survival */ = {
			isa = PBXGroup;
			children = (
				B3AB07221CC01EC7001D3AC1 /* Model */,
				B3AB070C1CC01D89001D3AC1 /* View Controller */,
				B3D5DD561D109798000522BC /* Views */,
				B3AB07211CC01EBC001D3AC1 /* Storyboards */,
				B3D5DD571D1097A2000522BC /* Files */,
			);
			path = "FH-Survival";
			sourceTree = "<group>";
		};
		B3AB070C1CC01D89001D3AC1 /* View Controller */ = {
			isa = PBXGroup;
			children = (
				B3AB070F1CC01DD5001D3AC1 /* OrganisationViewController.swift */,
				B3AB070D1CC01DC3001D3AC1 /* IntroductionViewController.swift */,
				B3AB07111CC01E00001D3AC1 /* HintsViewController.swift */,
				B3AB07131CC01E0C001D3AC1 /* SearchViewController.swift */,
				B3AB07151CC01E32001D3AC1 /* ContactsViewController.swift */,
				B3D5DD591D10AB7C000522BC /* InformationListTableViewController.swift */,
			);
			name = "View Controller";
			sourceTree = "<group>";
		};
		B3AB07211CC01EBC001D3AC1 /* Storyboards */ = {
			isa = PBXGroup;
			children = (
				B3AB07031CC01A6C001D3AC1 /* LaunchScreen.storyboard */,
				B3AB06FE1CC01A6C001D3AC1 /* Main.storyboard */,
				B3AB07171CC01E6B001D3AC1 /* Introduction.storyboard */,
				B3AB07191CC01E8F001D3AC1 /* Organisation.storyboard */,
				B3AB071B1CC01E95001D3AC1 /* Search.storyboard */,
				B3AB071D1CC01E9B001D3AC1 /* Hints.storyboard */,
				B3AB071F1CC01EA4001D3AC1 /* Contacts.storyboard */,
			);
			name = Storyboards;
			sourceTree = "<group>";
		};
		B3AB07221CC01EC7001D3AC1 /* Model */ = {
			isa = PBXGroup;
			children = (
				B30711361D0AFD70008FBE31 /* Content */,
				B307112D1D0AF737008FBE31 /* JSON */,
				B3928B501D09E2BD00E839E0 /* Data */,
				B3D5DD581D109A3E000522BC /* Helper */,
			);
			name = Model;
			sourceTree = "<group>";
		};
		B3D5DD561D109798000522BC /* Views */ = {
			isa = PBXGroup;
			children = (
				B3D5DD541D109790000522BC /* ContactTableViewCell.swift */,
			);
			name = Views;
			sourceTree = "<group>";
		};
		B3D5DD571D1097A2000522BC /* Files */ = {
			isa = PBXGroup;
			children = (
				B3AB06FA1CC01A6C001D3AC1 /* AppDelegate.swift */,
				B3B681C61CC02F8D00958F22 /* Assets.xcassets */,
				B3AB07061CC01A6C001D3AC1 /* Info.plist */,
				B307112B1D0A98D9008FBE31 /* content.json */,
			);
			name = Files;
			sourceTree = "<group>";
		};
		B3D5DD581D109A3E000522BC /* Helper */ = {
			isa = PBXGroup;
			children = (
				B30711341D0AFC0E008FBE31 /* Error.swift */,
				B3AA4C4D1D0B54D500B2303B /* Diagnose.swift */,
				B3D5DD4C1D107A64000522BC /* Int.swift */,
				B3D5DD521D10858B000522BC /* Result.swift */,
			);
			name = Helper;
			sourceTree = "<group>";
		};
/* End PBXGroup section */

/* Begin PBXNativeTarget section */
		B3AB06F61CC01A6C001D3AC1 /* FH-Survival */ = {
			isa = PBXNativeTarget;
			buildConfigurationList = B3AB07091CC01A6C001D3AC1 /* Build configuration list for PBXNativeTarget "FH-Survival" */;
			buildPhases = (
				B3AB06F31CC01A6C001D3AC1 /* Sources */,
				B3AB06F41CC01A6C001D3AC1 /* Frameworks */,
				B3AB06F51CC01A6C001D3AC1 /* Resources */,
			);
			buildRules = (
			);
			dependencies = (
			);
			name = "FH-Survival";
			productName = "FH-Survival";
			productReference = B3AB06F71CC01A6C001D3AC1 /* FH-Survival.app */;
			productType = "com.apple.product-type.application";
		};
/* End PBXNativeTarget section */

/* Begin PBXProject section */
		B3AB06EF1CC01A6C001D3AC1 /* Project object */ = {
			isa = PBXProject;
			attributes = {
				LastSwiftUpdateCheck = 0730;
				LastUpgradeCheck = 0730;
				ORGANIZATIONNAME = "Ben Boecker";
				TargetAttributes = {
					B3AB06F61CC01A6C001D3AC1 = {
						CreatedOnToolsVersion = 7.3;
						DevelopmentTeam = CQSM9HEZ7S;
					};
				};
			};
			buildConfigurationList = B3AB06F21CC01A6C001D3AC1 /* Build configuration list for PBXProject "FH-Survival" */;
			compatibilityVersion = "Xcode 3.2";
			developmentRegion = English;
			hasScannedForEncodings = 0;
			knownRegions = (
				en,
				Base,
			);
			mainGroup = B3AB06EE1CC01A6C001D3AC1;
			productRefGroup = B3AB06F81CC01A6C001D3AC1 /* Products */;
			projectDirPath = "";
			projectRoot = "";
			targets = (
				B3AB06F61CC01A6C001D3AC1 /* FH-Survival */,
			);
		};
/* End PBXProject section */

/* Begin PBXResourcesBuildPhase section */
		B3AB06F51CC01A6C001D3AC1 /* Resources */ = {
			isa = PBXResourcesBuildPhase;
			buildActionMask = 2147483647;
			files = (
				B3AB07181CC01E6B001D3AC1 /* Introduction.storyboard in Resources */,
				B3AB07201CC01EA4001D3AC1 /* Contacts.storyboard in Resources */,
				B3AB07051CC01A6C001D3AC1 /* LaunchScreen.storyboard in Resources */,
				B3AB071E1CC01E9B001D3AC1 /* Hints.storyboard in Resources */,
				B3AB071A1CC01E8F001D3AC1 /* Organisation.storyboard in Resources */,
				B3AB071C1CC01E95001D3AC1 /* Search.storyboard in Resources */,
				B3B681C71CC02F8D00958F22 /* Assets.xcassets in Resources */,
				B3AB07001CC01A6C001D3AC1 /* Main.storyboard in Resources */,
				B307112C1D0A98D9008FBE31 /* content.json in Resources */,
			);
			runOnlyForDeploymentPostprocessing = 0;
		};
/* End PBXResourcesBuildPhase section */

/* Begin PBXSourcesBuildPhase section */
		B3AB06F31CC01A6C001D3AC1 /* Sources */ = {
			isa = PBXSourcesBuildPhase;
			buildActionMask = 2147483647;
			files = (
				B307113A1D0AFD9E008FBE31 /* Resource.swift in Sources */,
				B3D5DD511D107E4A000522BC /* Contact.swift in Sources */,
				B30711331D0AFB1C008FBE31 /* JSONResource.swift in Sources */,
				B3AB07141CC01E0C001D3AC1 /* SearchViewController.swift in Sources */,
				B307B9C11D105F24008DC73E /* URL.swift in Sources */,
				B3AA4C4E1D0B54D500B2303B /* Diagnose.swift in Sources */,
				B3D5DD531D10858B000522BC /* Result.swift in Sources */,
				B3AB07101CC01DD5001D3AC1 /* OrganisationViewController.swift in Sources */,
				B3D5DD4D1D107A64000522BC /* Int.swift in Sources */,
				B307B9BF1D105D5A008DC73E /* Hint.swift in Sources */,
				B307B9C51D105F5C008DC73E /* Collection.swift in Sources */,
				B3D5DD5C1D10ADFC000522BC /* Information.swift in Sources */,
				B3AB07121CC01E00001D3AC1 /* HintsViewController.swift in Sources */,
				B3AB07161CC01E32001D3AC1 /* ContactsViewController.swift in Sources */,
				B30711381D0AFD87008FBE31 /* Content.swift in Sources */,
				B3AB070E1CC01DC3001D3AC1 /* IntroductionViewController.swift in Sources */,
				B3AB06FB1CC01A6C001D3AC1 /* AppDelegate.swift in Sources */,
				B307B9C31D105F2D008DC73E /* Tag.swift in Sources */,
				B30711351D0AFC0E008FBE31 /* Error.swift in Sources */,
				B3D5DD551D109790000522BC /* ContactTableViewCell.swift in Sources */,
				B3D5DD5A1D10AB7C000522BC /* InformationListTableViewController.swift in Sources */,
				B307113C1D0AFE95008FBE31 /* LocalResource.swift in Sources */,
				B3D5DD4F1D107B72000522BC /* JSONFile.swift in Sources */,
			);
			runOnlyForDeploymentPostprocessing = 0;
		};
/* End PBXSourcesBuildPhase section */

/* Begin PBXVariantGroup section */
		B3AB06FE1CC01A6C001D3AC1 /* Main.storyboard */ = {
			isa = PBXVariantGroup;
			children = (
				B3AB06FF1CC01A6C001D3AC1 /* Base */,
			);
			name = Main.storyboard;
			sourceTree = "<group>";
		};
		B3AB07031CC01A6C001D3AC1 /* LaunchScreen.storyboard */ = {
			isa = PBXVariantGroup;
			children = (
				B3AB07041CC01A6C001D3AC1 /* Base */,
			);
			name = LaunchScreen.storyboard;
			sourceTree = "<group>";
		};
/* End PBXVariantGroup section */

/* Begin XCBuildConfiguration section */
		B3AB07071CC01A6C001D3AC1 /* Debug */ = {
			isa = XCBuildConfiguration;
			buildSettings = {
				ALWAYS_SEARCH_USER_PATHS = NO;
				CLANG_ANALYZER_NONNULL = YES;
				CLANG_CXX_LANGUAGE_STANDARD = "gnu++0x";
				CLANG_CXX_LIBRARY = "libc++";
				CLANG_ENABLE_MODULES = YES;
				CLANG_ENABLE_OBJC_ARC = YES;
				CLANG_WARN_BOOL_CONVERSION = YES;
				CLANG_WARN_CONSTANT_CONVERSION = YES;
				CLANG_WARN_DIRECT_OBJC_ISA_USAGE = YES_ERROR;
				CLANG_WARN_EMPTY_BODY = YES;
				CLANG_WARN_ENUM_CONVERSION = YES;
				CLANG_WARN_INT_CONVERSION = YES;
				CLANG_WARN_OBJC_ROOT_CLASS = YES_ERROR;
				CLANG_WARN_UNREACHABLE_CODE = YES;
				CLANG_WARN__DUPLICATE_METHOD_MATCH = YES;
				"CODE_SIGN_IDENTITY[sdk=iphoneos*]" = "iPhone Developer";
				COPY_PHASE_STRIP = NO;
				DEBUG_INFORMATION_FORMAT = dwarf;
				ENABLE_STRICT_OBJC_MSGSEND = YES;
				ENABLE_TESTABILITY = YES;
				GCC_C_LANGUAGE_STANDARD = gnu99;
				GCC_DYNAMIC_NO_PIC = NO;
				GCC_NO_COMMON_BLOCKS = YES;
				GCC_OPTIMIZATION_LEVEL = 0;
				GCC_PREPROCESSOR_DEFINITIONS = (
					"DEBUG=1",
					"$(inherited)",
				);
				GCC_WARN_64_TO_32_BIT_CONVERSION = YES;
				GCC_WARN_ABOUT_RETURN_TYPE = YES_ERROR;
				GCC_WARN_UNDECLARED_SELECTOR = YES;
				GCC_WARN_UNINITIALIZED_AUTOS = YES_AGGRESSIVE;
				GCC_WARN_UNUSED_FUNCTION = YES;
				GCC_WARN_UNUSED_VARIABLE = YES;
				IPHONEOS_DEPLOYMENT_TARGET = 9.3;
				MTL_ENABLE_DEBUG_INFO = YES;
				ONLY_ACTIVE_ARCH = YES;
				SDKROOT = iphoneos;
				SWIFT_OPTIMIZATION_LEVEL = "-Onone";
				TARGETED_DEVICE_FAMILY = "1,2";
			};
			name = Debug;
		};
		B3AB07081CC01A6C001D3AC1 /* Release */ = {
			isa = XCBuildConfiguration;
			buildSettings = {
				ALWAYS_SEARCH_USER_PATHS = NO;
				CLANG_ANALYZER_NONNULL = YES;
				CLANG_CXX_LANGUAGE_STANDARD = "gnu++0x";
				CLANG_CXX_LIBRARY = "libc++";
				CLANG_ENABLE_MODULES = YES;
				CLANG_ENABLE_OBJC_ARC = YES;
				CLANG_WARN_BOOL_CONVERSION = YES;
				CLANG_WARN_CONSTANT_CONVERSION = YES;
				CLANG_WARN_DIRECT_OBJC_ISA_USAGE = YES_ERROR;
				CLANG_WARN_EMPTY_BODY = YES;
				CLANG_WARN_ENUM_CONVERSION = YES;
				CLANG_WARN_INT_CONVERSION = YES;
				CLANG_WARN_OBJC_ROOT_CLASS = YES_ERROR;
				CLANG_WARN_UNREACHABLE_CODE = YES;
				CLANG_WARN__DUPLICATE_METHOD_MATCH = YES;
				"CODE_SIGN_IDENTITY[sdk=iphoneos*]" = "iPhone Developer";
				COPY_PHASE_STRIP = NO;
				DEBUG_INFORMATION_FORMAT = "dwarf-with-dsym";
				ENABLE_NS_ASSERTIONS = NO;
				ENABLE_STRICT_OBJC_MSGSEND = YES;
				GCC_C_LANGUAGE_STANDARD = gnu99;
				GCC_NO_COMMON_BLOCKS = YES;
				GCC_WARN_64_TO_32_BIT_CONVERSION = YES;
				GCC_WARN_ABOUT_RETURN_TYPE = YES_ERROR;
				GCC_WARN_UNDECLARED_SELECTOR = YES;
				GCC_WARN_UNINITIALIZED_AUTOS = YES_AGGRESSIVE;
				GCC_WARN_UNUSED_FUNCTION = YES;
				GCC_WARN_UNUSED_VARIABLE = YES;
				IPHONEOS_DEPLOYMENT_TARGET = 9.3;
				MTL_ENABLE_DEBUG_INFO = NO;
				SDKROOT = iphoneos;
				TARGETED_DEVICE_FAMILY = "1,2";
				VALIDATE_PRODUCT = YES;
			};
			name = Release;
		};
		B3AB070A1CC01A6C001D3AC1 /* Debug */ = {
			isa = XCBuildConfiguration;
			buildSettings = {
				ASSETCATALOG_COMPILER_APPICON_NAME = AppIcon;
				INFOPLIST_FILE = "FH-Survival/Info.plist";
				LD_RUNPATH_SEARCH_PATHS = "$(inherited) @executable_path/Frameworks";
				PRODUCT_BUNDLE_IDENTIFIER = "com.ben-boecker.FH-Survival";
				PRODUCT_NAME = "$(TARGET_NAME)";
			};
			name = Debug;
		};
		B3AB070B1CC01A6C001D3AC1 /* Release */ = {
			isa = XCBuildConfiguration;
			buildSettings = {
				ASSETCATALOG_COMPILER_APPICON_NAME = AppIcon;
				INFOPLIST_FILE = "FH-Survival/Info.plist";
				LD_RUNPATH_SEARCH_PATHS = "$(inherited) @executable_path/Frameworks";
				PRODUCT_BUNDLE_IDENTIFIER = "com.ben-boecker.FH-Survival";
				PRODUCT_NAME = "$(TARGET_NAME)";
			};
			name = Release;
		};
/* End XCBuildConfiguration section */

/* Begin XCConfigurationList section */
		B3AB06F21CC01A6C001D3AC1 /* Build configuration list for PBXProject "FH-Survival" */ = {
			isa = XCConfigurationList;
			buildConfigurations = (
				B3AB07071CC01A6C001D3AC1 /* Debug */,
				B3AB07081CC01A6C001D3AC1 /* Release */,
			);
			defaultConfigurationIsVisible = 0;
			defaultConfigurationName = Release;
		};
		B3AB07091CC01A6C001D3AC1 /* Build configuration list for PBXNativeTarget "FH-Survival" */ = {
			isa = XCConfigurationList;
			buildConfigurations = (
				B3AB070A1CC01A6C001D3AC1 /* Debug */,
				B3AB070B1CC01A6C001D3AC1 /* Release */,
			);
			defaultConfigurationIsVisible = 0;
			defaultConfigurationName = Release;
		};
/* End XCConfigurationList section */
	};
	rootObject = B3AB06EF1CC01A6C001D3AC1 /* Project object */;
}
